
Microsoft Visual Studio Solution File, Format Version 12.00
# Visual Studio Version 17
VisualStudioVersion = 17.8.34511.84
MinimumVisualStudioVersion = 10.0.40219.1
Project("{2150E333-8FDC-42A3-9474-1A3956D46DE8}") = "src", "src", "{A40F2C3A-CFBA-4DAC-B0E9-AFF1B84E5F87}"
EndProject
Project("{2150E333-8FDC-42A3-9474-1A3956D46DE8}") = "corePackages", "corePackages", "{2FF1AAC2-A386-447F-B071-C3E7B8C0355A}"
EndProject
Project("{9A19103F-16F7-4668-BE54-9A1E7A4F7556}") = "Core.Application", "src\corePackages\Core.Application\Core.Application.csproj", "{154FAC0B-0B5D-4DFB-8C7A-E8783696DE0C}"
EndProject
Project("{9A19103F-16F7-4668-BE54-9A1E7A4F7556}") = "Core.CrossCuttingConcerns", "src\corePackages\Core.CrossCuttingConcerns\Core.CrossCuttingConcerns.csproj", "{BA59BD35-D8A1-4B1D-B3EB-5CFB049AE670}"
EndProject
Project("{9A19103F-16F7-4668-BE54-9A1E7A4F7556}") = "Core.ElasticSearch", "src\corePackages\Core.ElasticSearch\Core.ElasticSearch.csproj", "{81D9CD11-8D18-4831-93C6-4A869CF9FB1E}"
EndProject
Project("{9A19103F-16F7-4668-BE54-9A1E7A4F7556}") = "Core.Mailing", "src\corePackages\Core.Mailing\Core.Mailing.csproj", "{23029C21-A74D-4CD3-B248-F0BD5A571869}"
EndProject
Project("{9A19103F-16F7-4668-BE54-9A1E7A4F7556}") = "Core.Persistence", "src\corePackages\Core.Persistence\Core.Persistence.csproj", "{8CA016BA-C014-4807-89BD-7A9801A5AFBE}"
EndProject
Project("{9A19103F-16F7-4668-BE54-9A1E7A4F7556}") = "Core.Security", "src\corePackages\Core.Security\Core.Security.csproj", "{67C57926-67FF-4B1A-B10F-62C0714F923A}"
EndProject
Project("{2150E333-8FDC-42A3-9474-1A3956D46DE8}") = "Projects", "Projects", "{735A5371-A85D-4B5B-97CC-CF36831956FA}"
EndProject
Project("{2150E333-8FDC-42A3-9474-1A3956D46DE8}") = "KodlamaIoDevs", "KodlamaIoDevs", "{8339664E-EDAA-4A5A-A7E0-3092C27EE97F}"
EndProject
Project("{9A19103F-16F7-4668-BE54-9A1E7A4F7556}") = "Application", "src\Project\KodlamaIoDevs\Application\Application.csproj", "{50FB8EBC-E0C4-47AD-BFE2-E1174D2D8950}"
EndProject
Project("{9A19103F-16F7-4668-BE54-9A1E7A4F7556}") = "Domain", "src\Project\KodlamaIoDevs\Domain\Domain.csproj", "{D1FFAD36-68F7-40EC-BAD5-A78A42B1E8BC}"
EndProject
Project("{9A19103F-16F7-4668-BE54-9A1E7A4F7556}") = "Infrastructure", "src\Project\KodlamaIoDevs\Infrastructure\Infrastructure.csproj", "{FA726700-3EBE-4D04-BE72-7472AEA2D41A}"
EndProject
Project("{9A19103F-16F7-4668-BE54-9A1E7A4F7556}") = "Persistence", "src\Project\KodlamaIoDevs\Persistence\Persistence.csproj", "{A3523677-788D-46A3-BCF0-D00CA675B2E4}"
EndProject
Project("{9A19103F-16F7-4668-BE54-9A1E7A4F7556}") = "WebAPI", "src\Project\KodlamaIoDevs\WebAPI\WebAPI.csproj", "{97954C01-AC91-4CB9-86A7-7F97434D6494}"
EndProject
Global
	GlobalSection(SolutionConfigurationPlatforms) = preSolution
		Debug|Any CPU = Debug|Any CPU
		Release|Any CPU = Release|Any CPU
	EndGlobalSection
	GlobalSection(ProjectConfigurationPlatforms) = postSolution
		{154FAC0B-0B5D-4DFB-8C7A-E8783696DE0C}.Debug|Any CPU.ActiveCfg = Debug|Any CPU
		{154FAC0B-0B5D-4DFB-8C7A-E8783696DE0C}.Debug|Any CPU.Build.0 = Debug|Any CPU
		{154FAC0B-0B5D-4DFB-8C7A-E8783696DE0C}.Release|Any CPU.ActiveCfg = Release|Any CPU
		{154FAC0B-0B5D-4DFB-8C7A-E8783696DE0C}.Release|Any CPU.Build.0 = Release|Any CPU
		{BA59BD35-D8A1-4B1D-B3EB-5CFB049AE670}.Debug|Any CPU.ActiveCfg = Debug|Any CPU
		{BA59BD35-D8A1-4B1D-B3EB-5CFB049AE670}.Debug|Any CPU.Build.0 = Debug|Any CPU
		{BA59BD35-D8A1-4B1D-B3EB-5CFB049AE670}.Release|Any CPU.ActiveCfg = Release|Any CPU
		{BA59BD35-D8A1-4B1D-B3EB-5CFB049AE670}.Release|Any CPU.Build.0 = Release|Any CPU
		{81D9CD11-8D18-4831-93C6-4A869CF9FB1E}.Debug|Any CPU.ActiveCfg = Debug|Any CPU
		{81D9CD11-8D18-4831-93C6-4A869CF9FB1E}.Debug|Any CPU.Build.0 = Debug|Any CPU
		{81D9CD11-8D18-4831-93C6-4A869CF9FB1E}.Release|Any CPU.ActiveCfg = Release|Any CPU
		{81D9CD11-8D18-4831-93C6-4A869CF9FB1E}.Release|Any CPU.Build.0 = Release|Any CPU
		{23029C21-A74D-4CD3-B248-F0BD5A571869}.Debug|Any CPU.ActiveCfg = Debug|Any CPU
		{23029C21-A74D-4CD3-B248-F0BD5A571869}.Debug|Any CPU.Build.0 = Debug|Any CPU
		{23029C21-A74D-4CD3-B248-F0BD5A571869}.Release|Any CPU.ActiveCfg = Release|Any CPU
		{23029C21-A74D-4CD3-B248-F0BD5A571869}.Release|Any CPU.Build.0 = Release|Any CPU
		{8CA016BA-C014-4807-89BD-7A9801A5AFBE}.Debug|Any CPU.ActiveCfg = Debug|Any CPU
		{8CA016BA-C014-4807-89BD-7A9801A5AFBE}.Debug|Any CPU.Build.0 = Debug|Any CPU
		{8CA016BA-C014-4807-89BD-7A9801A5AFBE}.Release|Any CPU.ActiveCfg = Release|Any CPU
		{8CA016BA-C014-4807-89BD-7A9801A5AFBE}.Release|Any CPU.Build.0 = Release|Any CPU
		{67C57926-67FF-4B1A-B10F-62C0714F923A}.Debug|Any CPU.ActiveCfg = Debug|Any CPU
		{67C57926-67FF-4B1A-B10F-62C0714F923A}.Debug|Any CPU.Build.0 = Debug|Any CPU
		{67C57926-67FF-4B1A-B10F-62C0714F923A}.Release|Any CPU.ActiveCfg = Release|Any CPU
		{67C57926-67FF-4B1A-B10F-62C0714F923A}.Release|Any CPU.Build.0 = Release|Any CPU
		{50FB8EBC-E0C4-47AD-BFE2-E1174D2D8950}.Debug|Any CPU.ActiveCfg = Debug|Any CPU
		{50FB8EBC-E0C4-47AD-BFE2-E1174D2D8950}.Debug|Any CPU.Build.0 = Debug|Any CPU
		{50FB8EBC-E0C4-47AD-BFE2-E1174D2D8950}.Release|Any CPU.ActiveCfg = Release|Any CPU
		{50FB8EBC-E0C4-47AD-BFE2-E1174D2D8950}.Release|Any CPU.Build.0 = Release|Any CPU
		{D1FFAD36-68F7-40EC-BAD5-A78A42B1E8BC}.Debug|Any CPU.ActiveCfg = Debug|Any CPU
		{D1FFAD36-68F7-40EC-BAD5-A78A42B1E8BC}.Debug|Any CPU.Build.0 = Debug|Any CPU
		{D1FFAD36-68F7-40EC-BAD5-A78A42B1E8BC}.Release|Any CPU.ActiveCfg = Release|Any CPU
		{D1FFAD36-68F7-40EC-BAD5-A78A42B1E8BC}.Release|Any CPU.Build.0 = Release|Any CPU
		{FA726700-3EBE-4D04-BE72-7472AEA2D41A}.Debug|Any CPU.ActiveCfg = Debug|Any CPU
		{FA726700-3EBE-4D04-BE72-7472AEA2D41A}.Debug|Any CPU.Build.0 = Debug|Any CPU
		{FA726700-3EBE-4D04-BE72-7472AEA2D41A}.Release|Any CPU.ActiveCfg = Release|Any CPU
		{FA726700-3EBE-4D04-BE72-7472AEA2D41A}.Release|Any CPU.Build.0 = Release|Any CPU
		{A3523677-788D-46A3-BCF0-D00CA675B2E4}.Debug|Any CPU.ActiveCfg = Debug|Any CPU
		{A3523677-788D-46A3-BCF0-D00CA675B2E4}.Debug|Any CPU.Build.0 = Debug|Any CPU
		{A3523677-788D-46A3-BCF0-D00CA675B2E4}.Release|Any CPU.ActiveCfg = Release|Any CPU
		{A3523677-788D-46A3-BCF0-D00CA675B2E4}.Release|Any CPU.Build.0 = Release|Any CPU
		{97954C01-AC91-4CB9-86A7-7F97434D6494}.Debug|Any CPU.ActiveCfg = Debug|Any CPU
		{97954C01-AC91-4CB9-86A7-7F97434D6494}.Debug|Any CPU.Build.0 = Debug|Any CPU
		{97954C01-AC91-4CB9-86A7-7F97434D6494}.Release|Any CPU.ActiveCfg = Release|Any CPU
		{97954C01-AC91-4CB9-86A7-7F97434D6494}.Release|Any CPU.Build.0 = Release|Any CPU
	EndGlobalSection
	GlobalSection(SolutionProperties) = preSolution
		HideSolutionNode = FALSE
	EndGlobalSection
	GlobalSection(NestedProjects) = preSolution
		{2FF1AAC2-A386-447F-B071-C3E7B8C0355A} = {A40F2C3A-CFBA-4DAC-B0E9-AFF1B84E5F87}
		{154FAC0B-0B5D-4DFB-8C7A-E8783696DE0C} = {2FF1AAC2-A386-447F-B071-C3E7B8C0355A}
		{BA59BD35-D8A1-4B1D-B3EB-5CFB049AE670} = {2FF1AAC2-A386-447F-B071-C3E7B8C0355A}
		{81D9CD11-8D18-4831-93C6-4A869CF9FB1E} = {2FF1AAC2-A386-447F-B071-C3E7B8C0355A}
		{23029C21-A74D-4CD3-B248-F0BD5A571869} = {2FF1AAC2-A386-447F-B071-C3E7B8C0355A}
		{8CA016BA-C014-4807-89BD-7A9801A5AFBE} = {2FF1AAC2-A386-447F-B071-C3E7B8C0355A}
		{67C57926-67FF-4B1A-B10F-62C0714F923A} = {2FF1AAC2-A386-447F-B071-C3E7B8C0355A}
		{735A5371-A85D-4B5B-97CC-CF36831956FA} = {A40F2C3A-CFBA-4DAC-B0E9-AFF1B84E5F87}
		{8339664E-EDAA-4A5A-A7E0-3092C27EE97F} = {735A5371-A85D-4B5B-97CC-CF36831956FA}
		{50FB8EBC-E0C4-47AD-BFE2-E1174D2D8950} = {8339664E-EDAA-4A5A-A7E0-3092C27EE97F}
		{D1FFAD36-68F7-40EC-BAD5-A78A42B1E8BC} = {8339664E-EDAA-4A5A-A7E0-3092C27EE97F}
		{FA726700-3EBE-4D04-BE72-7472AEA2D41A} = {8339664E-EDAA-4A5A-A7E0-3092C27EE97F}
		{A3523677-788D-46A3-BCF0-D00CA675B2E4} = {8339664E-EDAA-4A5A-A7E0-3092C27EE97F}
		{97954C01-AC91-4CB9-86A7-7F97434D6494} = {8339664E-EDAA-4A5A-A7E0-3092C27EE97F}
	EndGlobalSection
	GlobalSection(ExtensibilityGlobals) = postSolution
		SolutionGuid = {765F58DA-7AA6-430A-AF5B-809373E1BFB9}
	EndGlobalSection
EndGlobal
