
Microsoft Visual Studio Solution File, Format Version 12.00
# Visual Studio Version 17
VisualStudioVersion = 17.8.34511.84
MinimumVisualStudioVersion = 10.0.40219.1
Project("{2150E333-8FDC-42A3-9474-1A3956D46DE8}") = "src", "src", "{A40F2C3A-CFBA-4DAC-B0E9-AFF1B84E5F87}"
EndProject
Project("{2150E333-8FDC-42A3-9474-1A3956D46DE8}") = "corePackages", "corePackages", "{2FF1AAC2-A386-447F-B071-C3E7B8C0355A}"
EndProject
Project("{9A19103F-16F7-4668-BE54-9A1E7A4F7556}") = "Core.Application", "src\corePackages\Core.Application\Core.Application.csproj", "{154FAC0B-0B5D-4DFB-8C7A-E8783696DE0C}"
EndProject
Project("{9A19103F-16F7-4668-BE54-9A1E7A4F7556}") = "Core.CrossCuttingConcerns", "src\corePackages\Core.CrossCuttingConcerns\Core.CrossCuttingConcerns.csproj", "{BA59BD35-D8A1-4B1D-B3EB-5CFB049AE670}"
EndProject
Project("{9A19103F-16F7-4668-BE54-9A1E7A4F7556}") = "Core.ElasticSearch", "src\corePackages\Core.ElasticSearch\Core.ElasticSearch.csproj", "{81D9CD11-8D18-4831-93C6-4A869CF9FB1E}"
EndProject
Project("{9A19103F-16F7-4668-BE54-9A1E7A4F7556}") = "Core.Mailing", "src\corePackages\Core.Mailing\Core.Mailing.csproj", "{23029C21-A74D-4CD3-B248-F0BD5A571869}"
EndProject
Project("{9A19103F-16F7-4668-BE54-9A1E7A4F7556}") = "Core.Persistence", "src\corePackages\Core.Persistence\Core.Persistence.csproj", "{8CA016BA-C014-4807-89BD-7A9801A5AFBE}"
EndProject
Project("{9A19103F-16F7-4668-BE54-9A1E7A4F7556}") = "Core.Security", "src\corePackages\Core.Security\Core.Security.csproj", "{67C57926-67FF-4B1A-B10F-62C0714F923A}"
EndProject
Project("{2150E333-8FDC-42A3-9474-1A3956D46DE8}") = "Projects", "Projects", "{735A5371-A85D-4B5B-97CC-CF36831956FA}"
EndProject
Project("{2150E333-8FDC-42A3-9474-1A3956D46DE8}") = "VampireVillagers", "VampireVillagers", "{23E675DF-BA6C-4521-9D9E-A929940A444C}"
EndProject
Project("{9A19103F-16F7-4668-BE54-9A1E7A4F7556}") = "Application", "src\Project\VampireVillagers\Application\Application.csproj", "{76E64B2B-B5DB-4B67-8C08-3044A36D94E3}"
EndProject
Project("{9A19103F-16F7-4668-BE54-9A1E7A4F7556}") = "Domain", "src\Project\VampireVillagers\Domain\Domain.csproj", "{02A04C81-694C-496B-966C-9D7A3AC8486D}"
EndProject
Project("{9A19103F-16F7-4668-BE54-9A1E7A4F7556}") = "Persistence", "src\Project\VampireVillagers\Persistence\Persistence.csproj", "{0282C273-3D5B-431E-98C2-36CDEB1467B0}"
EndProject
Project("{9A19103F-16F7-4668-BE54-9A1E7A4F7556}") = "Infrastructure", "src\Project\VampireVillagers\Infrastructure\Infrastructure.csproj", "{76BCCD7C-F12D-4B40-B1F6-B28DD7C1C424}"
EndProject
Project("{9A19103F-16F7-4668-BE54-9A1E7A4F7556}") = "WebAPI", "src\Project\VampireVillagers\WebAPI\WebAPI.csproj", "{28AF7084-E272-4252-B1E5-009C0A615B6B}"
EndProject
Project("{2150E333-8FDC-42A3-9474-1A3956D46DE8}") = "Test", "Test", "{E73363D4-F648-495E-ABEE-B63E93E34B6C}"
EndProject
Project("{FAE04EC0-301F-11D3-BF4B-00C04F79EFBC}") = "VampireVillagers.Application.UnitTests", "VampireVillagers.Application.UnitTests\VampireVillagers.Application.UnitTests.csproj", "{6119F426-98B3-454B-A3FD-F5DC7733C608}"
EndProject
Global
	GlobalSection(SolutionConfigurationPlatforms) = preSolution
		Debug|Any CPU = Debug|Any CPU
		Release|Any CPU = Release|Any CPU
	EndGlobalSection
	GlobalSection(ProjectConfigurationPlatforms) = postSolution
		{154FAC0B-0B5D-4DFB-8C7A-E8783696DE0C}.Debug|Any CPU.ActiveCfg = Debug|Any CPU
		{154FAC0B-0B5D-4DFB-8C7A-E8783696DE0C}.Debug|Any CPU.Build.0 = Debug|Any CPU
		{154FAC0B-0B5D-4DFB-8C7A-E8783696DE0C}.Release|Any CPU.ActiveCfg = Release|Any CPU
		{154FAC0B-0B5D-4DFB-8C7A-E8783696DE0C}.Release|Any CPU.Build.0 = Release|Any CPU
		{BA59BD35-D8A1-4B1D-B3EB-5CFB049AE670}.Debug|Any CPU.ActiveCfg = Debug|Any CPU
		{BA59BD35-D8A1-4B1D-B3EB-5CFB049AE670}.Debug|Any CPU.Build.0 = Debug|Any CPU
		{BA59BD35-D8A1-4B1D-B3EB-5CFB049AE670}.Release|Any CPU.ActiveCfg = Release|Any CPU
		{BA59BD35-D8A1-4B1D-B3EB-5CFB049AE670}.Release|Any CPU.Build.0 = Release|Any CPU
		{81D9CD11-8D18-4831-93C6-4A869CF9FB1E}.Debug|Any CPU.ActiveCfg = Debug|Any CPU
		{81D9CD11-8D18-4831-93C6-4A869CF9FB1E}.Debug|Any CPU.Build.0 = Debug|Any CPU
		{81D9CD11-8D18-4831-93C6-4A869CF9FB1E}.Release|Any CPU.ActiveCfg = Release|Any CPU
		{81D9CD11-8D18-4831-93C6-4A869CF9FB1E}.Release|Any CPU.Build.0 = Release|Any CPU
		{23029C21-A74D-4CD3-B248-F0BD5A571869}.Debug|Any CPU.ActiveCfg = Debug|Any CPU
		{23029C21-A74D-4CD3-B248-F0BD5A571869}.Debug|Any CPU.Build.0 = Debug|Any CPU
		{23029C21-A74D-4CD3-B248-F0BD5A571869}.Release|Any CPU.ActiveCfg = Release|Any CPU
		{23029C21-A74D-4CD3-B248-F0BD5A571869}.Release|Any CPU.Build.0 = Release|Any CPU
		{8CA016BA-C014-4807-89BD-7A9801A5AFBE}.Debug|Any CPU.ActiveCfg = Debug|Any CPU
		{8CA016BA-C014-4807-89BD-7A9801A5AFBE}.Debug|Any CPU.Build.0 = Debug|Any CPU
		{8CA016BA-C014-4807-89BD-7A9801A5AFBE}.Release|Any CPU.ActiveCfg = Release|Any CPU
		{8CA016BA-C014-4807-89BD-7A9801A5AFBE}.Release|Any CPU.Build.0 = Release|Any CPU
		{67C57926-67FF-4B1A-B10F-62C0714F923A}.Debug|Any CPU.ActiveCfg = Debug|Any CPU
		{67C57926-67FF-4B1A-B10F-62C0714F923A}.Debug|Any CPU.Build.0 = Debug|Any CPU
		{67C57926-67FF-4B1A-B10F-62C0714F923A}.Release|Any CPU.ActiveCfg = Release|Any CPU
		{67C57926-67FF-4B1A-B10F-62C0714F923A}.Release|Any CPU.Build.0 = Release|Any CPU
		{76E64B2B-B5DB-4B67-8C08-3044A36D94E3}.Debug|Any CPU.ActiveCfg = Debug|Any CPU
		{76E64B2B-B5DB-4B67-8C08-3044A36D94E3}.Debug|Any CPU.Build.0 = Debug|Any CPU
		{76E64B2B-B5DB-4B67-8C08-3044A36D94E3}.Release|Any CPU.ActiveCfg = Release|Any CPU
		{76E64B2B-B5DB-4B67-8C08-3044A36D94E3}.Release|Any CPU.Build.0 = Release|Any CPU
		{02A04C81-694C-496B-966C-9D7A3AC8486D}.Debug|Any CPU.ActiveCfg = Debug|Any CPU
		{02A04C81-694C-496B-966C-9D7A3AC8486D}.Debug|Any CPU.Build.0 = Debug|Any CPU
		{02A04C81-694C-496B-966C-9D7A3AC8486D}.Release|Any CPU.ActiveCfg = Release|Any CPU
		{02A04C81-694C-496B-966C-9D7A3AC8486D}.Release|Any CPU.Build.0 = Release|Any CPU
		{0282C273-3D5B-431E-98C2-36CDEB1467B0}.Debug|Any CPU.ActiveCfg = Debug|Any CPU
		{0282C273-3D5B-431E-98C2-36CDEB1467B0}.Debug|Any CPU.Build.0 = Debug|Any CPU
		{0282C273-3D5B-431E-98C2-36CDEB1467B0}.Release|Any CPU.ActiveCfg = Release|Any CPU
		{0282C273-3D5B-431E-98C2-36CDEB1467B0}.Release|Any CPU.Build.0 = Release|Any CPU
		{76BCCD7C-F12D-4B40-B1F6-B28DD7C1C424}.Debug|Any CPU.ActiveCfg = Debug|Any CPU
		{76BCCD7C-F12D-4B40-B1F6-B28DD7C1C424}.Debug|Any CPU.Build.0 = Debug|Any CPU
		{76BCCD7C-F12D-4B40-B1F6-B28DD7C1C424}.Release|Any CPU.ActiveCfg = Release|Any CPU
		{76BCCD7C-F12D-4B40-B1F6-B28DD7C1C424}.Release|Any CPU.Build.0 = Release|Any CPU
		{28AF7084-E272-4252-B1E5-009C0A615B6B}.Debug|Any CPU.ActiveCfg = Debug|Any CPU
		{28AF7084-E272-4252-B1E5-009C0A615B6B}.Debug|Any CPU.Build.0 = Debug|Any CPU
		{28AF7084-E272-4252-B1E5-009C0A615B6B}.Release|Any CPU.ActiveCfg = Release|Any CPU
		{28AF7084-E272-4252-B1E5-009C0A615B6B}.Release|Any CPU.Build.0 = Release|Any CPU
		{6119F426-98B3-454B-A3FD-F5DC7733C608}.Debug|Any CPU.ActiveCfg = Debug|Any CPU
		{6119F426-98B3-454B-A3FD-F5DC7733C608}.Debug|Any CPU.Build.0 = Debug|Any CPU
		{6119F426-98B3-454B-A3FD-F5DC7733C608}.Release|Any CPU.ActiveCfg = Release|Any CPU
		{6119F426-98B3-454B-A3FD-F5DC7733C608}.Release|Any CPU.Build.0 = Release|Any CPU
	EndGlobalSection
	GlobalSection(SolutionProperties) = preSolution
		HideSolutionNode = FALSE
	EndGlobalSection
	GlobalSection(NestedProjects) = preSolution
		{2FF1AAC2-A386-447F-B071-C3E7B8C0355A} = {A40F2C3A-CFBA-4DAC-B0E9-AFF1B84E5F87}
		{154FAC0B-0B5D-4DFB-8C7A-E8783696DE0C} = {2FF1AAC2-A386-447F-B071-C3E7B8C0355A}
		{BA59BD35-D8A1-4B1D-B3EB-5CFB049AE670} = {2FF1AAC2-A386-447F-B071-C3E7B8C0355A}
		{81D9CD11-8D18-4831-93C6-4A869CF9FB1E} = {2FF1AAC2-A386-447F-B071-C3E7B8C0355A}
		{23029C21-A74D-4CD3-B248-F0BD5A571869} = {2FF1AAC2-A386-447F-B071-C3E7B8C0355A}
		{8CA016BA-C014-4807-89BD-7A9801A5AFBE} = {2FF1AAC2-A386-447F-B071-C3E7B8C0355A}
		{67C57926-67FF-4B1A-B10F-62C0714F923A} = {2FF1AAC2-A386-447F-B071-C3E7B8C0355A}
		{735A5371-A85D-4B5B-97CC-CF36831956FA} = {A40F2C3A-CFBA-4DAC-B0E9-AFF1B84E5F87}
		{23E675DF-BA6C-4521-9D9E-A929940A444C} = {735A5371-A85D-4B5B-97CC-CF36831956FA}
		{76E64B2B-B5DB-4B67-8C08-3044A36D94E3} = {23E675DF-BA6C-4521-9D9E-A929940A444C}
		{02A04C81-694C-496B-966C-9D7A3AC8486D} = {23E675DF-BA6C-4521-9D9E-A929940A444C}
		{0282C273-3D5B-431E-98C2-36CDEB1467B0} = {23E675DF-BA6C-4521-9D9E-A929940A444C}
		{76BCCD7C-F12D-4B40-B1F6-B28DD7C1C424} = {23E675DF-BA6C-4521-9D9E-A929940A444C}
		{28AF7084-E272-4252-B1E5-009C0A615B6B} = {23E675DF-BA6C-4521-9D9E-A929940A444C}
		{E73363D4-F648-495E-ABEE-B63E93E34B6C} = {735A5371-A85D-4B5B-97CC-CF36831956FA}
		{6119F426-98B3-454B-A3FD-F5DC7733C608} = {E73363D4-F648-495E-ABEE-B63E93E34B6C}
	EndGlobalSection
	GlobalSection(ExtensibilityGlobals) = postSolution
		SolutionGuid = {765F58DA-7AA6-430A-AF5B-809373E1BFB9}
	EndGlobalSection
EndGlobal
